
Microsoft Visual Studio Solution File, Format Version 12.00
# Visual Studio 2013
VisualStudioVersion = 12.0.31101.0
MinimumVisualStudioVersion = 10.0.40219.1
Project("{FAE04EC0-301F-11D3-BF4B-00C04F79EFBC}") = "VBB.Model", "VBB.Model\VBB.Model.csproj", "{273C5F4E-D268-44A3-9C2D-7A052627D3CB}"
EndProject
Project("{FAE04EC0-301F-11D3-BF4B-00C04F79EFBC}") = "VBB.DataAccessLayer", "VBB.DataAccessLayer\VBB.DataAccessLayer.csproj", "{24FCD9EE-5861-411E-A210-C74091B5D3E8}"
EndProject
Project("{2150E333-8FDC-42A3-9474-1A3956D46DE8}") = ".nuget", ".nuget", "{E55F0E22-1E15-488F-9553-00DFBE942073}"
	ProjectSection(SolutionItems) = preProject
		.nuget\NuGet.Config = .nuget\NuGet.Config
		.nuget\NuGet.exe = .nuget\NuGet.exe
		.nuget\NuGet.targets = .nuget\NuGet.targets
	EndProjectSection
EndProject
Project("{FAE04EC0-301F-11D3-BF4B-00C04F79EFBC}") = "VBB.Admin", "VBB.Admin\VBB.Admin.csproj", "{632E3900-0467-4279-8AE4-E0FDC9513CBF}"
EndProject
Global
	GlobalSection(SolutionConfigurationPlatforms) = preSolution
		Debug|Any CPU = Debug|Any CPU
		Release|Any CPU = Release|Any CPU
	EndGlobalSection
	GlobalSection(ProjectConfigurationPlatforms) = postSolution
		{273C5F4E-D268-44A3-9C2D-7A052627D3CB}.Debug|Any CPU.ActiveCfg = Debug|Any CPU
		{273C5F4E-D268-44A3-9C2D-7A052627D3CB}.Debug|Any CPU.Build.0 = Debug|Any CPU
		{273C5F4E-D268-44A3-9C2D-7A052627D3CB}.Release|Any CPU.ActiveCfg = Release|Any CPU
		{273C5F4E-D268-44A3-9C2D-7A052627D3CB}.Release|Any CPU.Build.0 = Release|Any CPU
		{24FCD9EE-5861-411E-A210-C74091B5D3E8}.Debug|Any CPU.ActiveCfg = Debug|Any CPU
		{24FCD9EE-5861-411E-A210-C74091B5D3E8}.Debug|Any CPU.Build.0 = Debug|Any CPU
		{24FCD9EE-5861-411E-A210-C74091B5D3E8}.Release|Any CPU.ActiveCfg = Release|Any CPU
		{24FCD9EE-5861-411E-A210-C74091B5D3E8}.Release|Any CPU.Build.0 = Release|Any CPU
		{632E3900-0467-4279-8AE4-E0FDC9513CBF}.Debug|Any CPU.ActiveCfg = Debug|Any CPU
		{632E3900-0467-4279-8AE4-E0FDC9513CBF}.Debug|Any CPU.Build.0 = Debug|Any CPU
		{632E3900-0467-4279-8AE4-E0FDC9513CBF}.Release|Any CPU.ActiveCfg = Release|Any CPU
		{632E3900-0467-4279-8AE4-E0FDC9513CBF}.Release|Any CPU.Build.0 = Release|Any CPU
	EndGlobalSection
	GlobalSection(SolutionProperties) = preSolution
		HideSolutionNode = FALSE
	EndGlobalSection
EndGlobal
